
Microsoft Visual Studio Solution File, Format Version 12.00
# Visual Studio Version 17
VisualStudioVersion = 17.8.34525.116
MinimumVisualStudioVersion = 10.0.40219.1
Project("{FAE04EC0-301F-11D3-BF4B-00C04F79EFBC}") = "CbrConverter", "CbrConverter\CbrConverter.csproj", "{92F7557F-C601-4605-91F4-6A2E94AE7666}"
EndProject
Project("{2150E333-8FDC-42A3-9474-1A3956D46DE8}") = "Github", "Github", "{D48DAD47-5E81-4862-8BA3-1B54241737EF}"
	ProjectSection(SolutionItems) = preProject
		README.md = README.md
	EndProjectSection
EndProject
Project("{FAE04EC0-301F-11D3-BF4B-00C04F79EFBC}") = "CbrConverterCore", "CbrConverterCore\CbrConverterCore.csproj", "{46DB9693-2A3A-8EE4-6808-7560D74C57D2}"
EndProject
Project("{54435603-DBB4-11D2-8724-00A0C9A8B90C}") = "Cbz2PDF_Setup", "Cbz2PDF_Setup\Cbz2PDF_Setup.vdproj", "{4D943E3B-B61D-1A52-957B-CCC63E4FF380}"
EndProject
Global
	GlobalSection(SolutionConfigurationPlatforms) = preSolution
		Debug|Any CPU = Debug|Any CPU
		Debug|x86 = Debug|x86
		Release|Any CPU = Release|Any CPU
		Release|x86 = Release|x86
	EndGlobalSection
	GlobalSection(ProjectConfigurationPlatforms) = postSolution
		{92F7557F-C601-4605-91F4-6A2E94AE7666}.Debug|Any CPU.ActiveCfg = Debug|Any CPU
		{92F7557F-C601-4605-91F4-6A2E94AE7666}.Debug|Any CPU.Build.0 = Debug|Any CPU
		{92F7557F-C601-4605-91F4-6A2E94AE7666}.Debug|x86.ActiveCfg = Debug|x86
		{92F7557F-C601-4605-91F4-6A2E94AE7666}.Debug|x86.Build.0 = Debug|x86
		{92F7557F-C601-4605-91F4-6A2E94AE7666}.Release|Any CPU.ActiveCfg = Release|Any CPU
		{92F7557F-C601-4605-91F4-6A2E94AE7666}.Release|Any CPU.Build.0 = Release|Any CPU
		{92F7557F-C601-4605-91F4-6A2E94AE7666}.Release|x86.ActiveCfg = Release|x86
		{92F7557F-C601-4605-91F4-6A2E94AE7666}.Release|x86.Build.0 = Release|x86
		{46DB9693-2A3A-8EE4-6808-7560D74C57D2}.Debug|Any CPU.ActiveCfg = Debug|Any CPU
		{46DB9693-2A3A-8EE4-6808-7560D74C57D2}.Debug|Any CPU.Build.0 = Debug|Any CPU
		{46DB9693-2A3A-8EE4-6808-7560D74C57D2}.Debug|x86.ActiveCfg = Debug|Any CPU
		{46DB9693-2A3A-8EE4-6808-7560D74C57D2}.Debug|x86.Build.0 = Debug|Any CPU
		{46DB9693-2A3A-8EE4-6808-7560D74C57D2}.Release|Any CPU.ActiveCfg = Release|Any CPU
		{46DB9693-2A3A-8EE4-6808-7560D74C57D2}.Release|Any CPU.Build.0 = Release|Any CPU
		{46DB9693-2A3A-8EE4-6808-7560D74C57D2}.Release|x86.ActiveCfg = Release|Any CPU
		{46DB9693-2A3A-8EE4-6808-7560D74C57D2}.Release|x86.Build.0 = Release|Any CPU
		{4D943E3B-B61D-1A52-957B-CCC63E4FF380}.Debug|Any CPU.ActiveCfg = Debug
		{4D943E3B-B61D-1A52-957B-CCC63E4FF380}.Debug|x86.ActiveCfg = Debug
		{4D943E3B-B61D-1A52-957B-CCC63E4FF380}.Release|Any CPU.ActiveCfg = Release
		{4D943E3B-B61D-1A52-957B-CCC63E4FF380}.Release|x86.ActiveCfg = Release
	EndGlobalSection
	GlobalSection(SolutionProperties) = preSolution
		HideSolutionNode = FALSE
	EndGlobalSection
	GlobalSection(ExtensibilityGlobals) = postSolution
		SolutionGuid = {8F5143E1-EBF5-4A82-8D08-4800928EA7C1}
	EndGlobalSection
EndGlobal
